
Microsoft Visual Studio Solution File, Format Version 12.00
# Visual Studio Version 17
VisualStudioVersion = 17.0.31903.59
MinimumVisualStudioVersion = 10.0.40219.1
Project("{FAE04EC0-301F-11D3-BF4B-00C04F79EFBC}") = "TokenVector.Plot", "TokenVector.Plot.csproj", "{3401DCF6-DB77-4062-B92B-541977E76DF8}"
EndProject
Project("{2150E333-8FDC-42A3-9474-1A3956D46DE8}") = "tests", "tests", "{D620A0E6-D2F3-4374-AAAB-DB9008FCB0B6}"
EndProject
Project("{FAE04EC0-301F-11D3-BF4B-00C04F79EFBC}") = "TokenVector.Plot.Tests", "tests\TokenVector.Plot.Tests\TokenVector.Plot.Tests.csproj", "{98885309-22A7-4104-9EE6-834B6C2F1816}"
EndProject
Project("{FAE04EC0-301F-11D3-BF4B-00C04F79EFBC}") = "TokenVector.Plot.Benchmarks", "tests\TokenVector.Plot.Benchmarks\TokenVector.Plot.Benchmarks.csproj", "{0C5E476F-935D-4747-9A9D-9CDD02737EE3}"
EndProject
Global
	GlobalSection(SolutionConfigurationPlatforms) = preSolution
		Debug|Any CPU = Debug|Any CPU
		Release|Any CPU = Release|Any CPU
	EndGlobalSection
	GlobalSection(SolutionProperties) = preSolution
		HideSolutionNode = FALSE
	EndGlobalSection
	GlobalSection(ProjectConfigurationPlatforms) = postSolution
		{3401DCF6-DB77-4062-B92B-541977E76DF8}.Debug|Any CPU.ActiveCfg = Debug|Any CPU
		{3401DCF6-DB77-4062-B92B-541977E76DF8}.Debug|Any CPU.Build.0 = Debug|Any CPU
		{3401DCF6-DB77-4062-B92B-541977E76DF8}.Release|Any CPU.ActiveCfg = Release|Any CPU
		{3401DCF6-DB77-4062-B92B-541977E76DF8}.Release|Any CPU.Build.0 = Release|Any CPU
		{98885309-22A7-4104-9EE6-834B6C2F1816}.Debug|Any CPU.ActiveCfg = Debug|Any CPU
		{98885309-22A7-4104-9EE6-834B6C2F1816}.Debug|Any CPU.Build.0 = Debug|Any CPU
		{98885309-22A7-4104-9EE6-834B6C2F1816}.Release|Any CPU.ActiveCfg = Release|Any CPU
		{98885309-22A7-4104-9EE6-834B6C2F1816}.Release|Any CPU.Build.0 = Release|Any CPU
		{0C5E476F-935D-4747-9A9D-9CDD02737EE3}.Debug|Any CPU.ActiveCfg = Debug|Any CPU
		{0C5E476F-935D-4747-9A9D-9CDD02737EE3}.Debug|Any CPU.Build.0 = Debug|Any CPU
		{0C5E476F-935D-4747-9A9D-9CDD02737EE3}.Release|Any CPU.ActiveCfg = Release|Any CPU
		{0C5E476F-935D-4747-9A9D-9CDD02737EE3}.Release|Any CPU.Build.0 = Release|Any CPU
	EndGlobalSection
	GlobalSection(NestedProjects) = preSolution
		{98885309-22A7-4104-9EE6-834B6C2F1816} = {D620A0E6-D2F3-4374-AAAB-DB9008FCB0B6}
		{0C5E476F-935D-4747-9A9D-9CDD02737EE3} = {D620A0E6-D2F3-4374-AAAB-DB9008FCB0B6}
	EndGlobalSection
EndGlobal
